
Microsoft Visual Studio Solution File, Format Version 12.00
# Visual Studio Version 17
VisualStudioVersion = 17.5.002.0
MinimumVisualStudioVersion = 10.0.40219.1
Project("{FAE04EC0-301F-11D3-BF4B-00C04F79EFBC}") = "WeatherClient", "WeatherClient \WeatherClient.csproj", "{A1988A8E-C269-4E24-A005-DF068785EF5D}"
EndProject
Project("{2150E333-8FDC-42A3-9474-1A3956D46DE8}") = "Solution Items", "Solution Items", "{F4B21C2B-A74E-45E5-8D90-9F21389755E2}"
	ProjectSection(SolutionItems) = preProject
		readme.md = readme.md
	EndProjectSection
EndProject
Project("{FAE04EC0-301F-11D3-BF4B-00C04F79EFBC}") = "WeatherApi", "WeatherApi\WeatherApi.csproj", "{EC9F01E1-F756-41F4-B602-87BE46DF13D9}"
EndProject
Global
	GlobalSection(SolutionConfigurationPlatforms) = preSolution
		Debug|Any CPU = Debug|Any CPU
		Release|Any CPU = Release|Any CPU
	EndGlobalSection
	GlobalSection(ProjectConfigurationPlatforms) = postSolution
		{A1988A8E-C269-4E24-A005-DF068785EF5D}.Debug|Any CPU.ActiveCfg = Debug|Any CPU
		{A1988A8E-C269-4E24-A005-DF068785EF5D}.Debug|Any CPU.Build.0 = Debug|Any CPU
		{A1988A8E-C269-4E24-A005-DF068785EF5D}.Release|Any CPU.ActiveCfg = Release|Any CPU
		{A1988A8E-C269-4E24-A005-DF068785EF5D}.Release|Any CPU.Build.0 = Release|Any CPU
		{F168ADF3-7685-4A06-BF79-3C00763C0579}.Debug|Any CPU.ActiveCfg = Debug|Any CPU
		{F168ADF3-7685-4A06-BF79-3C00763C0579}.Debug|Any CPU.Build.0 = Debug|Any CPU
		{F168ADF3-7685-4A06-BF79-3C00763C0579}.Release|Any CPU.ActiveCfg = Release|Any CPU
		{F168ADF3-7685-4A06-BF79-3C00763C0579}.Release|Any CPU.Build.0 = Release|Any CPU
		{EC9F01E1-F756-41F4-B602-87BE46DF13D9}.Debug|Any CPU.ActiveCfg = Debug|Any CPU
		{EC9F01E1-F756-41F4-B602-87BE46DF13D9}.Debug|Any CPU.Build.0 = Debug|Any CPU
		{EC9F01E1-F756-41F4-B602-87BE46DF13D9}.Release|Any CPU.ActiveCfg = Release|Any CPU
		{EC9F01E1-F756-41F4-B602-87BE46DF13D9}.Release|Any CPU.Build.0 = Release|Any CPU
	EndGlobalSection
	GlobalSection(SolutionProperties) = preSolution
		HideSolutionNode = FALSE
	EndGlobalSection
	GlobalSection(ExtensibilityGlobals) = postSolution
		SolutionGuid = {3D84AE3D-6675-4F22-85AC-51E468609578}
	EndGlobalSection
	GlobalSection(NestedProjects) = preSolution
	EndGlobalSection
EndGlobal
